
Microsoft Visual Studio Solution File, Format Version 12.00
Project("{FAE04EC0-301F-11D3-BF4B-00C04F79EFBC}") = "TestInterview-Socket9", "TestInterview-Socket9.csproj", "{E71BF92C-6F4D-41A5-A012-C7DF6DA1A9C7}"
EndProject
Project("{FAE04EC0-301F-11D3-BF4B-00C04F79EFBC}") = "TestTestInterview-Socket9", "TestTestInterview-Socket9\TestTestInterview-Socket9.csproj", "{A819479B-1D26-437D-876D-827F8CEF4B55}"
EndProject
Global
	GlobalSection(SolutionConfigurationPlatforms) = preSolution
		Debug|Any CPU = Debug|Any CPU
		Release|Any CPU = Release|Any CPU
	EndGlobalSection
	GlobalSection(ProjectConfigurationPlatforms) = postSolution
		{E71BF92C-6F4D-41A5-A012-C7DF6DA1A9C7}.Debug|Any CPU.ActiveCfg = Debug|Any CPU
		{E71BF92C-6F4D-41A5-A012-C7DF6DA1A9C7}.Debug|Any CPU.Build.0 = Debug|Any CPU
		{E71BF92C-6F4D-41A5-A012-C7DF6DA1A9C7}.Release|Any CPU.ActiveCfg = Release|Any CPU
		{E71BF92C-6F4D-41A5-A012-C7DF6DA1A9C7}.Release|Any CPU.Build.0 = Release|Any CPU
		{A819479B-1D26-437D-876D-827F8CEF4B55}.Debug|Any CPU.ActiveCfg = Debug|Any CPU
		{A819479B-1D26-437D-876D-827F8CEF4B55}.Debug|Any CPU.Build.0 = Debug|Any CPU
		{A819479B-1D26-437D-876D-827F8CEF4B55}.Release|Any CPU.ActiveCfg = Release|Any CPU
		{A819479B-1D26-437D-876D-827F8CEF4B55}.Release|Any CPU.Build.0 = Release|Any CPU
	EndGlobalSection
EndGlobal
